PODS:
  - MBProgressHUD (1.0.0)
  - WilddogAuth (2.0.7):
    - WilddogCore (~> 2.0.2)
  - WilddogCore (2.0.9)
  - WilddogSync (2.3.6):
    - WilddogCore (~> 2.0.8)
  - WilddogVideo (1.2.1):
    - WilddogAuth (>= 2.0.2)
    - WilddogCore (>= 2.0.8)
    - WilddogSync (>= 2.3.0)

DEPENDENCIES:
  - MBProgressHUD
  - WilddogVideo (= 1.2.1)

SPEC CHECKSUMS:
  MBProgressHUD: 4890f671c94e8a0f3cf959aa731e9de2f036d71a
  WilddogAuth: 6c5f364277547490eed7e5a5c955b45e544e8ebf
  WilddogCore: d88b5f1680b14c5bb0a9a1d63ebab45479fc31d9
  WilddogSync: a68db6c505aa3fafd41c3278faed47ab5b2731a8
  WilddogVideo: 45585bcd5f156162ee612a07174cb01a85860ecf

PODFILE CHECKSUM: f0e39dc1f33ce6802f29ee6db6562c2c2b9727ab

COCOAPODS: 1.2.0
